{
  "name": "03-test",
  "version": "1.0.0",
  "lockfileVersion": 3,
  "requires": true,
  "packages": {
    "": {
      "name": "03-test",
      "version": "1.0.0",
      "license": "ISC",
      "dependencies": {
        "saludos20240704": "^1.0.3"
      }
    },
    "node_modules/colors": {
      "version": "1.4.0",
      "resolved": "https://registry.npmjs.org/colors/-/colors-1.4.0.tgz",
      "integrity": "sha512-a+UqTh4kgZg/SlGvfbzDHpgRu7AAQOmmqRHJnxhRZICKFUT91brVhNNt58CMWU9PsBbv3PDCZUHbVxuDiH2mtA==",
      "engines": {
        "node": ">=0.1.90"
      }
    },
    "node_modules/saludos20240704": {
      "version": "1.0.3",
      "resolved": "https://registry.npmjs.org/saludos20240704/-/saludos20240704-1.0.3.tgz",
      "integrity": "sha512-YxANy4Crh1iB6JsudiQ2t8iqVreU6Sw6F7KRlDbG75ytEStcUSmFE7I4M/t7EckteO/hnzE5SNlKNAQbiBj5Gg==",
      "dependencies": {
        "colors": "^1.4.0"
      }
    }
  }
}
