{
  "name": "02-localtest",
  "version": "1.0.0",
  "lockfileVersion": 3,
  "requires": true,
  "packages": {
    "": {
      "name": "02-localtest",
      "version": "1.0.0",
      "license": "ISC",
      "dependencies": {
        "saludos20240704": "file:../01-package"
      }
    },
    "../01-package": {
      "version": "1.0.0",
      "license": "MIT",
      "dependencies": {
        "colors": "^1.4.0"
      }
    },
    "node_modules/saludos20240704": {
      "resolved": "../01-package",
      "link": true
    }
  }
}
